
Microsoft Visual Studio Solution File, Format Version 12.00
# Visual Studio Version 17
VisualStudioVersion = 17.3.32825.248
MinimumVisualStudioVersion = 10.0.40219.1
Project("{FAE04EC0-301F-11D3-BF4B-00C04F79EFBC}") = "RazorPizzeria", "RazorPizzeria\RazorPizzeria.csproj", "{40877CDC-9954-4342-9D40-8AAE45CCEAE4}"
EndProject
Global
	GlobalSection(SolutionConfigurationPlatforms) = preSolution
		Debug|Any CPU = Debug|Any CPU
		Release|Any CPU = Release|Any CPU
	EndGlobalSection
	GlobalSection(ProjectConfigurationPlatforms) = postSolution
		{40877CDC-9954-4342-9D40-8AAE45CCEAE4}.Debug|Any CPU.ActiveCfg = Debug|Any CPU
		{40877CDC-9954-4342-9D40-8AAE45CCEAE4}.Debug|Any CPU.Build.0 = Debug|Any CPU
		{40877CDC-9954-4342-9D40-8AAE45CCEAE4}.Release|Any CPU.ActiveCfg = Release|Any CPU
		{40877CDC-9954-4342-9D40-8AAE45CCEAE4}.Release|Any CPU.Build.0 = Release|Any CPU
	EndGlobalSection
	GlobalSection(SolutionProperties) = preSolution
		HideSolutionNode = FALSE
	EndGlobalSection
	GlobalSection(ExtensibilityGlobals) = postSolution
		SolutionGuid = {1E706B09-307B-4C68-9918-A79A735753B6}
	EndGlobalSection
EndGlobal
